
Microsoft Visual Studio Solution File, Format Version 12.00
# Visual Studio Version 17
VisualStudioVersion = 17.0.31912.275
MinimumVisualStudioVersion = 10.0.40219.1
Project("{9A19103F-16F7-4668-BE54-9A1E7A4F7556}") = "Vs22_ConsoleApp1", "Vs22_ConsoleApp1\Vs22_ConsoleApp1.csproj", "{0D94D624-A3DB-477D-9C1B-207704280C5C}"
EndProject
Project("{FAE04EC0-301F-11D3-BF4B-00C04F79EFBC}") = "ConsoleGameEngine", "ConsoleGameEngine\ConsoleGameEngine.csproj", "{C78501DC-9275-4D22-B273-8A11D16535FB}"
EndProject
Global
	GlobalSection(SolutionConfigurationPlatforms) = preSolution
		Debug|Any CPU = Debug|Any CPU
		Release|Any CPU = Release|Any CPU
	EndGlobalSection
	GlobalSection(ProjectConfigurationPlatforms) = postSolution
		{0D94D624-A3DB-477D-9C1B-207704280C5C}.Debug|Any CPU.ActiveCfg = Debug|Any CPU
		{0D94D624-A3DB-477D-9C1B-207704280C5C}.Debug|Any CPU.Build.0 = Debug|Any CPU
		{0D94D624-A3DB-477D-9C1B-207704280C5C}.Release|Any CPU.ActiveCfg = Release|Any CPU
		{0D94D624-A3DB-477D-9C1B-207704280C5C}.Release|Any CPU.Build.0 = Release|Any CPU
		{C78501DC-9275-4D22-B273-8A11D16535FB}.Debug|Any CPU.ActiveCfg = Debug|Any CPU
		{C78501DC-9275-4D22-B273-8A11D16535FB}.Debug|Any CPU.Build.0 = Debug|Any CPU
		{C78501DC-9275-4D22-B273-8A11D16535FB}.Release|Any CPU.ActiveCfg = Release|Any CPU
		{C78501DC-9275-4D22-B273-8A11D16535FB}.Release|Any CPU.Build.0 = Release|Any CPU
	EndGlobalSection
	GlobalSection(SolutionProperties) = preSolution
		HideSolutionNode = FALSE
	EndGlobalSection
	GlobalSection(ExtensibilityGlobals) = postSolution
		SolutionGuid = {A4C67677-FB79-49F5-9E42-CC4B9544CA1A}
	EndGlobalSection
EndGlobal
